// !$*UTF8*$!
{
	archiveVersion = 1;
	classes = {
	};
	objectVersion = 46;
	objects = {

/* Begin PBXBuildFile section */
		3DFE62951E83D0FD0082A4DE /* AppDelegate.swift in Sources */ = {isa = PBXBuildFile; fileRef = 3DFE62941E83D0FD0082A4DE /* AppDelegate.swift */; };
		3DFE62971E83D0FD0082A4DE /* ViewController.swift in Sources */ = {isa = PBXBuildFile; fileRef = 3DFE62961E83D0FD0082A4DE /* ViewController.swift */; };
		3DFE629A1E83D0FD0082A4DE /* Main.storyboard in Resources */ = {isa = PBXBuildFile; fileRef = 3DFE62981E83D0FD0082A4DE /* Main.storyboard */; };
		3DFE629C1E83D0FD0082A4DE /* Assets.xcassets in Resources */ = {isa = PBXBuildFile; fileRef = 3DFE629B1E83D0FD0082A4DE /* Assets.xcassets */; };
		3DFE629F1E83D0FD0082A4DE /* LaunchScreen.storyboard in Resources */ = {isa = PBXBuildFile; fileRef = 3DFE629D1E83D0FD0082A4DE /* LaunchScreen.storyboard */; };
/* End PBXBuildFile section */

/* Begin PBXFileReference section */
		3DFE62911E83D0FD0082A4DE /* chefling.app */ = {isa = PBXFileReference; explicitFileType = wrapper.application; includeInIndex = 0; path = chefling.app; sourceTree = BUILT_PRODUCTS_DIR; };
		3DFE62941E83D0FD0082A4DE /* AppDelegate.swift */ = {isa = PBXFileReference; lastKnownFileType = sourcecode.swift; path = AppDelegate.swift; sourceTree = "<group>"; };
		3DFE62961E83D0FD0082A4DE /* ViewController.swift */ = {isa = PBXFileReference; lastKnownFileType = sourcecode.swift; path = ViewController.swift; sourceTree = "<group>"; };
		3DFE62991E83D0FD0082A4DE /* Base */ = {isa = PBXFileReference; lastKnownFileType = file.storyboard; name = Base; path = Base.lproj/Main.storyboard; sourceTree = "<group>"; };
		3DFE629B1E83D0FD0082A4DE /* Assets.xcassets */ = {isa = PBXFileReference; lastKnownFileType = folder.assetcatalog; path = Assets.xcassets; sourceTree = "<group>"; };
		3DFE629E1E83D0FD0082A4DE /* Base */ = {isa = PBXFileReference; lastKnownFileType = file.storyboard; name = Base; path = Base.lproj/LaunchScreen.storyboard; sourceTree = "<group>"; };
		3DFE62A01E83D0FD0082A4DE /* Info.plist */ = {isa = PBXFileReference; lastKnownFileType = text.plist.xml; path = Info.plist; sourceTree = "<group>"; };
/* End PBXFileReference section */

/* Begin PBXFrameworksBuildPhase section */
		3DFE628E1E83D0FD0082A4DE /* Frameworks */ = {
			isa = PBXFrameworksBuildPhase;
			buildActionMask = 2147483647;
			files = (
			);
			runOnlyForDeploymentPostprocessing = 0;
		};
/* End PBXFrameworksBuildPhase section */

/* Begin PBXGroup section */
		3DFE62881E83D0FD0082A4DE = {
			isa = PBXGroup;
			children = (
				3DFE62931E83D0FD0082A4DE /* chefling */,
				3DFE62921E83D0FD0082A4DE /* Products */,
			);
			sourceTree = "<group>";
		};
		3DFE62921E83D0FD0082A4DE /* Products */ = {
			isa = PBXGroup;
			children = (
				3DFE62911E83D0FD0082A4DE /* chefling.app */,
			);
			name = Products;
			sourceTree = "<group>";
		};
		3DFE62931E83D0FD0082A4DE /* chefling */ = {
			isa = PBXGroup;
			children = (
				3DFE62941E83D0FD0082A4DE /* AppDelegate.swift */,
				3DFE62961E83D0FD0082A4DE /* ViewController.swift */,
				3DFE62981E83D0FD0082A4DE /* Main.storyboard */,
				3DFE629B1E83D0FD0082A4DE /* Assets.xcassets */,
				3DFE629D1E83D0FD0082A4DE /* LaunchScreen.storyboard */,
				3DFE62A01E83D0FD0082A4DE /* Info.plist */,
			);
			path = chefling;
			sourceTree = "<group>";
		};
/* End PBXGroup section */

/* Begin PBXNativeTarget section */
		3DFE62901E83D0FD0082A4DE /* chefling */ = {
			isa = PBXNativeTarget;
			buildConfigurationList = 3DFE62A31E83D0FD0082A4DE /* Build configuration list for PBXNativeTarget "chefling" */;
			buildPhases = (
				3DFE628D1E83D0FD0082A4DE /* Sources */,
				3DFE628E1E83D0FD0082A4DE /* Frameworks */,
				3DFE628F1E83D0FD0082A4DE /* Resources */,
			);
			buildRules = (
			);
			dependencies = (
			);
			name = chefling;
			productName = chefling;
			productReference = 3DFE62911E83D0FD0082A4DE /* chefling.app */;
			productType = "com.apple.product-type.application";
		};
/* End PBXNativeTarget section */

/* Begin PBXProject section */
		3DFE62891E83D0FD0082A4DE /* Project object */ = {
			isa = PBXProject;
			attributes = {
				LastSwiftUpdateCheck = 0820;
				LastUpgradeCheck = 0820;
				ORGANIZATIONNAME = Sanjay;
				TargetAttributes = {
					3DFE62901E83D0FD0082A4DE = {
						CreatedOnToolsVersion = 8.2.1;
						ProvisioningStyle = Automatic;
					};
				};
			};
			buildConfigurationList = 3DFE628C1E83D0FD0082A4DE /* Build configuration list for PBXProject "chefling" */;
			compatibilityVersion = "Xcode 3.2";
			developmentRegion = English;
			hasScannedForEncodings = 0;
			knownRegions = (
				en,
				Base,
			);
			mainGroup = 3DFE62881E83D0FD0082A4DE;
			productRefGroup = 3DFE62921E83D0FD0082A4DE /* Products */;
			projectDirPath = "";
			projectRoot = "";
			targets = (
				3DFE62901E83D0FD0082A4DE /* chefling */,
			);
		};
/* End PBXProject section */

/* Begin PBXResourcesBuildPhase section */
		3DFE628F1E83D0FD0082A4DE /* Resources */ = {
			isa = PBXResourcesBuildPhase;
			buildActionMask = 2147483647;
			files = (
				3DFE629F1E83D0FD0082A4DE /* LaunchScreen.storyboard in Resources */,
				3DFE629C1E83D0FD0082A4DE /* Assets.xcassets in Resources */,
				3DFE629A1E83D0FD0082A4DE /* Main.storyboard in Resources */,
			);
			runOnlyForDeploymentPostprocessing = 0;
		};
/* End PBXResourcesBuildPhase section */

/* Begin PBXSourcesBuildPhase section */
		3DFE628D1E83D0FD0082A4DE /* Sources */ = {
			isa = PBXSourcesBuildPhase;
			buildActionMask = 2147483647;
			files = (
				3DFE62971E83D0FD0082A4DE /* ViewController.swift in Sources */,
				3DFE62951E83D0FD0082A4DE /* AppDelegate.swift in Sources */,
			);
			runOnlyForDeploymentPostprocessing = 0;
		};
/* End PBXSourcesBuildPhase section */

/* Begin PBXVariantGroup section */
		3DFE62981E83D0FD0082A4DE /* Main.storyboard */ = {
			isa = PBXVariantGroup;
			children = (
				3DFE62991E83D0FD0082A4DE /* Base */,
			);
			name = Main.storyboard;
			sourceTree = "<group>";
		};
		3DFE629D1E83D0FD0082A4DE /* LaunchScreen.storyboard */ = {
			isa = PBXVariantGroup;
			children = (
				3DFE629E1E83D0FD0082A4DE /* Base */,
			);
			name = LaunchScreen.storyboard;
			sourceTree = "<group>";
		};
/* End PBXVariantGroup section */

/* Begin XCBuildConfiguration section */
		3DFE62A11E83D0FD0082A4DE /* Debug */ = {
			isa = XCBuildConfiguration;
			buildSettings = {
				ALWAYS_SEARCH_USER_PATHS = NO;
				CLANG_ANALYZER_NONNULL = YES;
				CLANG_CXX_LANGUAGE_STANDARD = "gnu++0x";
				CLANG_CXX_LIBRARY = "libc++";
				CLANG_ENABLE_MODULES = YES;
				CLANG_ENABLE_OBJC_ARC = YES;
				CLANG_WARN_BOOL_CONVERSION = YES;
				CLANG_WARN_CONSTANT_CONVERSION = YES;
				CLANG_WARN_DIRECT_OBJC_ISA_USAGE = YES_ERROR;
				CLANG_WARN_DOCUMENTATION_COMMENTS = YES;
				CLANG_WARN_EMPTY_BODY = YES;
				CLANG_WARN_ENUM_CONVERSION = YES;
				CLANG_WARN_INFINITE_RECURSION = YES;
				CLANG_WARN_INT_CONVERSION = YES;
				CLANG_WARN_OBJC_ROOT_CLASS = YES_ERROR;
				CLANG_WARN_SUSPICIOUS_MOVE = YES;
				CLANG_WARN_UNREACHABLE_CODE = YES;
				CLANG_WARN__DUPLICATE_METHOD_MATCH = YES;
				"CODE_SIGN_IDENTITY[sdk=iphoneos*]" = "iPhone Developer";
				COPY_PHASE_STRIP = NO;
				DEBUG_INFORMATION_FORMAT = dwarf;
				ENABLE_STRICT_OBJC_MSGSEND = YES;
				ENABLE_TESTABILITY = YES;
				GCC_C_LANGUAGE_STANDARD = gnu99;
				GCC_DYNAMIC_NO_PIC = NO;
				GCC_NO_COMMON_BLOCKS = YES;
				GCC_OPTIMIZATION_LEVEL = 0;
				GCC_PREPROCESSOR_DEFINITIONS = (
					"DEBUG=1",
					"$(inherited)",
				);
				GCC_WARN_64_TO_32_BIT_CONVERSION = YES;
				GCC_WARN_ABOUT_RETURN_TYPE = YES_ERROR;
				GCC_WARN_UNDECLARED_SELECTOR = YES;
				GCC_WARN_UNINITIALIZED_AUTOS = YES_AGGRESSIVE;
				GCC_WARN_UNUSED_FUNCTION = YES;
				GCC_WARN_UNUSED_VARIABLE = YES;
				IPHONEOS_DEPLOYMENT_TARGET = 10.2;
				MTL_ENABLE_DEBUG_INFO = YES;
				ONLY_ACTIVE_ARCH = YES;
				SDKROOT = iphoneos;
				SWIFT_ACTIVE_COMPILATION_CONDITIONS = DEBUG;
				SWIFT_OPTIMIZATION_LEVEL = "-Onone";
			};
			name = Debug;
		};
		3DFE62A21E83D0FD0082A4DE /* Release */ = {
			isa = XCBuildConfiguration;
			buildSettings = {
				ALWAYS_SEARCH_USER_PATHS = NO;
				CLANG_ANALYZER_NONNULL = YES;
				CLANG_CXX_LANGUAGE_STANDARD = "gnu++0x";
				CLANG_CXX_LIBRARY = "libc++";
				CLANG_ENABLE_MODULES = YES;
				CLANG_ENABLE_OBJC_ARC = YES;
				CLANG_WARN_BOOL_CONVERSION = YES;
				CLANG_WARN_CONSTANT_CONVERSION = YES;
				CLANG_WARN_DIRECT_OBJC_ISA_USAGE = YES_ERROR;
				CLANG_WARN_DOCUMENTATION_COMMENTS = YES;
				CLANG_WARN_EMPTY_BODY = YES;
				CLANG_WARN_ENUM_CONVERSION = YES;
				CLANG_WARN_INFINITE_RECURSION = YES;
				CLANG_WARN_INT_CONVERSION = YES;
				CLANG_WARN_OBJC_ROOT_CLASS = YES_ERROR;
				CLANG_WARN_SUSPICIOUS_MOVE = YES;
				CLANG_WARN_UNREACHABLE_CODE = YES;
				CLANG_WARN__DUPLICATE_METHOD_MATCH = YES;
				"CODE_SIGN_IDENTITY[sdk=iphoneos*]" = "iPhone Developer";
				COPY_PHASE_STRIP = NO;
				DEBUG_INFORMATION_FORMAT = "dwarf-with-dsym";
				ENABLE_NS_ASSERTIONS = NO;
				ENABLE_STRICT_OBJC_MSGSEND = YES;
				GCC_C_LANGUAGE_STANDARD = gnu99;
				GCC_NO_COMMON_BLOCKS = YES;
				GCC_WARN_64_TO_32_BIT_CONVERSION = YES;
				GCC_WARN_ABOUT_RETURN_TYPE = YES_ERROR;
				GCC_WARN_UNDECLARED_SELECTOR = YES;
				GCC_WARN_UNINITIALIZED_AUTOS = YES_AGGRESSIVE;
				GCC_WARN_UNUSED_FUNCTION = YES;
				GCC_WARN_UNUSED_VARIABLE = YES;
				IPHONEOS_DEPLOYMENT_TARGET = 10.2;
				MTL_ENABLE_DEBUG_INFO = NO;
				SDKROOT = iphoneos;
				SWIFT_OPTIMIZATION_LEVEL = "-Owholemodule";
				VALIDATE_PRODUCT = YES;
			};
			name = Release;
		};
		3DFE62A41E83D0FD0082A4DE /* Debug */ = {
			isa = XCBuildConfiguration;
			buildSettings = {
				ASSETCATALOG_COMPILER_APPICON_NAME = AppIcon;
				INFOPLIST_FILE = chefling/Info.plist;
				LD_RUNPATH_SEARCH_PATHS = "$(inherited) @executable_path/Frameworks";
				PRODUCT_BUNDLE_IDENTIFIER = com.theiOSDeveloper.chefling;
				PRODUCT_NAME = "$(TARGET_NAME)";
				SWIFT_VERSION = 3.0;
			};
			name = Debug;
		};
		3DFE62A51E83D0FD0082A4DE /* Release */ = {
			isa = XCBuildConfiguration;
			buildSettings = {
				ASSETCATALOG_COMPILER_APPICON_NAME = AppIcon;
				INFOPLIST_FILE = chefling/Info.plist;
				LD_RUNPATH_SEARCH_PATHS = "$(inherited) @executable_path/Frameworks";
				PRODUCT_BUNDLE_IDENTIFIER = com.theiOSDeveloper.chefling;
				PRODUCT_NAME = "$(TARGET_NAME)";
				SWIFT_VERSION = 3.0;
			};
			name = Release;
		};
/* End XCBuildConfiguration section */

/* Begin XCConfigurationList section */
		3DFE628C1E83D0FD0082A4DE /* Build configuration list for PBXProject "chefling" */ = {
			isa = XCConfigurationList;
			buildConfigurations = (
				3DFE62A11E83D0FD0082A4DE /* Debug */,
				3DFE62A21E83D0FD0082A4DE /* Release */,
			);
			defaultConfigurationIsVisible = 0;
			defaultConfigurationName = Release;
		};
		3DFE62A31E83D0FD0082A4DE /* Build configuration list for PBXNativeTarget "chefling" */ = {
			isa = XCConfigurationList;
			buildConfigurations = (
				3DFE62A41E83D0FD0082A4DE /* Debug */,
				3DFE62A51E83D0FD0082A4DE /* Release */,
			);
			defaultConfigurationIsVisible = 0;
		};
/* End XCConfigurationList section */
	};
	rootObject = 3DFE62891E83D0FD0082A4DE /* Project object */;
}
